
Microsoft Visual Studio Solution File, Format Version 12.00
# Visual Studio Version 16
VisualStudioVersion = 16.0.31112.23
MinimumVisualStudioVersion = 10.0.40219.1
Project("{9A19103F-16F7-4668-BE54-9A1E7A4F7556}") = "Lorem.Testing.EPiServer.CMS", "Lorem.Testing.EPiServer.CMS.csproj", "{B27F925B-219E-4C27-9768-5F5C51C90CA2}"
EndProject
Global
	GlobalSection(SolutionConfigurationPlatforms) = preSolution
		Debug|Any CPU = Debug|Any CPU
		Release|Any CPU = Release|Any CPU
	EndGlobalSection
	GlobalSection(ProjectConfigurationPlatforms) = postSolution
		{B27F925B-219E-4C27-9768-5F5C51C90CA2}.Debug|Any CPU.ActiveCfg = Debug|Any CPU
		{B27F925B-219E-4C27-9768-5F5C51C90CA2}.Debug|Any CPU.Build.0 = Debug|Any CPU
		{B27F925B-219E-4C27-9768-5F5C51C90CA2}.Release|Any CPU.ActiveCfg = Release|Any CPU
		{B27F925B-219E-4C27-9768-5F5C51C90CA2}.Release|Any CPU.Build.0 = Release|Any CPU
	EndGlobalSection
	GlobalSection(SolutionProperties) = preSolution
		HideSolutionNode = FALSE
	EndGlobalSection
	GlobalSection(ExtensibilityGlobals) = postSolution
		SolutionGuid = {DFBC2616-AA33-405A-A8E9-6E880CB5B97B}
	EndGlobalSection
EndGlobal
