
Microsoft Visual Studio Solution File, Format Version 12.00
# Visual Studio Version 16
VisualStudioVersion = 16.0.31112.23
MinimumVisualStudioVersion = 10.0.40219.1
Project("{9A19103F-16F7-4668-BE54-9A1E7A4F7556}") = "Lorem.Testing.EPiServer.CMS", "Lorem.Testing.EPiServer.CMS\Lorem.Testing.EPiServer.CMS.csproj", "{EB06A568-7D7B-4E39-B64F-2714610D9E83}"
EndProject
Project("{FAE04EC0-301F-11D3-BF4B-00C04F79EFBC}") = "Lorem", "Lorem\Lorem.csproj", "{246624B3-69C1-4B4E-9D31-B42CCAB0188E}"
EndProject
Project("{9A19103F-16F7-4668-BE54-9A1E7A4F7556}") = "Lorem.Testing.EPiServer.CMS.Test", "Lorem.Testing.EPiServer.CMS.Test\Lorem.Testing.EPiServer.CMS.Test.csproj", "{DAEEA83C-883E-45AD-835A-98F33DE36F85}"
EndProject
Global
	GlobalSection(SolutionConfigurationPlatforms) = preSolution
		Debug|Any CPU = Debug|Any CPU
		Release|Any CPU = Release|Any CPU
	EndGlobalSection
	GlobalSection(ProjectConfigurationPlatforms) = postSolution
		{EB06A568-7D7B-4E39-B64F-2714610D9E83}.Debug|Any CPU.ActiveCfg = Debug|Any CPU
		{EB06A568-7D7B-4E39-B64F-2714610D9E83}.Debug|Any CPU.Build.0 = Debug|Any CPU
		{EB06A568-7D7B-4E39-B64F-2714610D9E83}.Release|Any CPU.ActiveCfg = Release|Any CPU
		{EB06A568-7D7B-4E39-B64F-2714610D9E83}.Release|Any CPU.Build.0 = Release|Any CPU
		{246624B3-69C1-4B4E-9D31-B42CCAB0188E}.Debug|Any CPU.ActiveCfg = Debug|Any CPU
		{246624B3-69C1-4B4E-9D31-B42CCAB0188E}.Debug|Any CPU.Build.0 = Debug|Any CPU
		{246624B3-69C1-4B4E-9D31-B42CCAB0188E}.Release|Any CPU.ActiveCfg = Release|Any CPU
		{246624B3-69C1-4B4E-9D31-B42CCAB0188E}.Release|Any CPU.Build.0 = Release|Any CPU
		{DAEEA83C-883E-45AD-835A-98F33DE36F85}.Debug|Any CPU.ActiveCfg = Debug|Any CPU
		{DAEEA83C-883E-45AD-835A-98F33DE36F85}.Debug|Any CPU.Build.0 = Debug|Any CPU
		{DAEEA83C-883E-45AD-835A-98F33DE36F85}.Release|Any CPU.ActiveCfg = Release|Any CPU
		{DAEEA83C-883E-45AD-835A-98F33DE36F85}.Release|Any CPU.Build.0 = Release|Any CPU
	EndGlobalSection
	GlobalSection(SolutionProperties) = preSolution
		HideSolutionNode = FALSE
	EndGlobalSection
	GlobalSection(ExtensibilityGlobals) = postSolution
		SolutionGuid = {CFE16CFC-B536-4532-B8DF-32850D80D11D}
	EndGlobalSection
EndGlobal
